
Microsoft Visual Studio Solution File, Format Version 12.00
# Visual Studio Version 17
VisualStudioVersion = 17.9.34728.123
MinimumVisualStudioVersion = 10.0.40219.1
Project("{FAE04EC0-301F-11D3-BF4B-00C04F79EFBC}") = "EncryptionWithEntityFramework", "EncryptionWithEntityFramework\EncryptionWithEntityFramework.csproj", "{88B12A8D-3648-462D-9E97-D1A3535F761F}"
EndProject
Project("{E53339B2-1760-4266-BCC7-CA923CBCF16C}") = "docker-compose", "docker-compose.dcproj", "{C4DDB98B-E866-4D1D-B9B3-DFBD52CDC013}"
EndProject
Global
	GlobalSection(SolutionConfigurationPlatforms) = preSolution
		Debug|Any CPU = Debug|Any CPU
		Release|Any CPU = Release|Any CPU
	EndGlobalSection
	GlobalSection(ProjectConfigurationPlatforms) = postSolution
		{88B12A8D-3648-462D-9E97-D1A3535F761F}.Debug|Any CPU.ActiveCfg = Debug|Any CPU
		{88B12A8D-3648-462D-9E97-D1A3535F761F}.Debug|Any CPU.Build.0 = Debug|Any CPU
		{88B12A8D-3648-462D-9E97-D1A3535F761F}.Release|Any CPU.ActiveCfg = Release|Any CPU
		{88B12A8D-3648-462D-9E97-D1A3535F761F}.Release|Any CPU.Build.0 = Release|Any CPU
		{C4DDB98B-E866-4D1D-B9B3-DFBD52CDC013}.Debug|Any CPU.ActiveCfg = Debug|Any CPU
		{C4DDB98B-E866-4D1D-B9B3-DFBD52CDC013}.Debug|Any CPU.Build.0 = Debug|Any CPU
		{C4DDB98B-E866-4D1D-B9B3-DFBD52CDC013}.Release|Any CPU.ActiveCfg = Release|Any CPU
		{C4DDB98B-E866-4D1D-B9B3-DFBD52CDC013}.Release|Any CPU.Build.0 = Release|Any CPU
	EndGlobalSection
	GlobalSection(SolutionProperties) = preSolution
		HideSolutionNode = FALSE
	EndGlobalSection
	GlobalSection(ExtensibilityGlobals) = postSolution
		SolutionGuid = {A2A1ADAE-4A62-4204-AA21-7E59DE15C9F7}
	EndGlobalSection
EndGlobal
